
Microsoft Visual Studio Solution File, Format Version 12.00
# Visual Studio Version 17
VisualStudioVersion = 17.12.35707.178
MinimumVisualStudioVersion = 10.0.40219.1
Project("{8BC9CEB8-8B4A-11D0-8D11-00A0C91BC942}") = "Arrays", "Arrays\Arrays.vcxproj", "{0EE9022F-9835-45C9-9B57-52773E7378B4}"
EndProject
Project("{8BC9CEB8-8B4A-11D0-8D11-00A0C91BC942}") = "shift", "shift\shift.vcxproj", "{4FF972D2-7993-433F-8344-6B39B48C7176}"
EndProject
Project("{8BC9CEB8-8B4A-11D0-8D11-00A0C91BC942}") = "Right_shift", "Right_shift\Right_shift.vcxproj", "{2BC804B2-A0C4-438D-A42E-0B45F7259907}"
EndProject
Project("{8BC9CEB8-8B4A-11D0-8D11-00A0C91BC942}") = "Numerics", "Numerics\Numerics.vcxproj", "{EC0108E8-7893-44B9-B1C8-7AF17359D5B8}"
EndProject
Project("{8BC9CEB8-8B4A-11D0-8D11-00A0C91BC942}") = "Unique", "Unique\Unique.vcxproj", "{ED56F1E4-6DC2-42A3-B7AC-EBCA25A5F4CB}"
EndProject
Project("{8BC9CEB8-8B4A-11D0-8D11-00A0C91BC942}") = "Repeats", "Repeats\Repeats.vcxproj", "{A35C8366-CD6A-49B2-A188-C17B1276A727}"
EndProject
Global
	GlobalSection(SolutionConfigurationPlatforms) = preSolution
		Debug|x64 = Debug|x64
		Debug|x86 = Debug|x86
		Release|x64 = Release|x64
		Release|x86 = Release|x86
	EndGlobalSection
	GlobalSection(ProjectConfigurationPlatforms) = postSolution
		{0EE9022F-9835-45C9-9B57-52773E7378B4}.Debug|x64.ActiveCfg = Debug|x64
		{0EE9022F-9835-45C9-9B57-52773E7378B4}.Debug|x64.Build.0 = Debug|x64
		{0EE9022F-9835-45C9-9B57-52773E7378B4}.Debug|x86.ActiveCfg = Debug|Win32
		{0EE9022F-9835-45C9-9B57-52773E7378B4}.Debug|x86.Build.0 = Debug|Win32
		{0EE9022F-9835-45C9-9B57-52773E7378B4}.Release|x64.ActiveCfg = Release|x64
		{0EE9022F-9835-45C9-9B57-52773E7378B4}.Release|x64.Build.0 = Release|x64
		{0EE9022F-9835-45C9-9B57-52773E7378B4}.Release|x86.ActiveCfg = Release|Win32
		{0EE9022F-9835-45C9-9B57-52773E7378B4}.Release|x86.Build.0 = Release|Win32
		{4FF972D2-7993-433F-8344-6B39B48C7176}.Debug|x64.ActiveCfg = Debug|x64
		{4FF972D2-7993-433F-8344-6B39B48C7176}.Debug|x64.Build.0 = Debug|x64
		{4FF972D2-7993-433F-8344-6B39B48C7176}.Debug|x86.ActiveCfg = Debug|Win32
		{4FF972D2-7993-433F-8344-6B39B48C7176}.Debug|x86.Build.0 = Debug|Win32
		{4FF972D2-7993-433F-8344-6B39B48C7176}.Release|x64.ActiveCfg = Release|x64
		{4FF972D2-7993-433F-8344-6B39B48C7176}.Release|x64.Build.0 = Release|x64
		{4FF972D2-7993-433F-8344-6B39B48C7176}.Release|x86.ActiveCfg = Release|Win32
		{4FF972D2-7993-433F-8344-6B39B48C7176}.Release|x86.Build.0 = Release|Win32
		{2BC804B2-A0C4-438D-A42E-0B45F7259907}.Debug|x64.ActiveCfg = Debug|x64
		{2BC804B2-A0C4-438D-A42E-0B45F7259907}.Debug|x64.Build.0 = Debug|x64
		{2BC804B2-A0C4-438D-A42E-0B45F7259907}.Debug|x86.ActiveCfg = Debug|Win32
		{2BC804B2-A0C4-438D-A42E-0B45F7259907}.Debug|x86.Build.0 = Debug|Win32
		{2BC804B2-A0C4-438D-A42E-0B45F7259907}.Release|x64.ActiveCfg = Release|x64
		{2BC804B2-A0C4-438D-A42E-0B45F7259907}.Release|x64.Build.0 = Release|x64
		{2BC804B2-A0C4-438D-A42E-0B45F7259907}.Release|x86.ActiveCfg = Release|Win32
		{2BC804B2-A0C4-438D-A42E-0B45F7259907}.Release|x86.Build.0 = Release|Win32
		{EC0108E8-7893-44B9-B1C8-7AF17359D5B8}.Debug|x64.ActiveCfg = Debug|x64
		{EC0108E8-7893-44B9-B1C8-7AF17359D5B8}.Debug|x64.Build.0 = Debug|x64
		{EC0108E8-7893-44B9-B1C8-7AF17359D5B8}.Debug|x86.ActiveCfg = Debug|Win32
		{EC0108E8-7893-44B9-B1C8-7AF17359D5B8}.Debug|x86.Build.0 = Debug|Win32
		{EC0108E8-7893-44B9-B1C8-7AF17359D5B8}.Release|x64.ActiveCfg = Release|x64
		{EC0108E8-7893-44B9-B1C8-7AF17359D5B8}.Release|x64.Build.0 = Release|x64
		{EC0108E8-7893-44B9-B1C8-7AF17359D5B8}.Release|x86.ActiveCfg = Release|Win32
		{EC0108E8-7893-44B9-B1C8-7AF17359D5B8}.Release|x86.Build.0 = Release|Win32
		{ED56F1E4-6DC2-42A3-B7AC-EBCA25A5F4CB}.Debug|x64.ActiveCfg = Debug|x64
		{ED56F1E4-6DC2-42A3-B7AC-EBCA25A5F4CB}.Debug|x64.Build.0 = Debug|x64
		{ED56F1E4-6DC2-42A3-B7AC-EBCA25A5F4CB}.Debug|x86.ActiveCfg = Debug|Win32
		{ED56F1E4-6DC2-42A3-B7AC-EBCA25A5F4CB}.Debug|x86.Build.0 = Debug|Win32
		{ED56F1E4-6DC2-42A3-B7AC-EBCA25A5F4CB}.Release|x64.ActiveCfg = Release|x64
		{ED56F1E4-6DC2-42A3-B7AC-EBCA25A5F4CB}.Release|x64.Build.0 = Release|x64
		{ED56F1E4-6DC2-42A3-B7AC-EBCA25A5F4CB}.Release|x86.ActiveCfg = Release|Win32
		{ED56F1E4-6DC2-42A3-B7AC-EBCA25A5F4CB}.Release|x86.Build.0 = Release|Win32
		{A35C8366-CD6A-49B2-A188-C17B1276A727}.Debug|x64.ActiveCfg = Debug|x64
		{A35C8366-CD6A-49B2-A188-C17B1276A727}.Debug|x64.Build.0 = Debug|x64
		{A35C8366-CD6A-49B2-A188-C17B1276A727}.Debug|x86.ActiveCfg = Debug|Win32
		{A35C8366-CD6A-49B2-A188-C17B1276A727}.Debug|x86.Build.0 = Debug|Win32
		{A35C8366-CD6A-49B2-A188-C17B1276A727}.Release|x64.ActiveCfg = Release|x64
		{A35C8366-CD6A-49B2-A188-C17B1276A727}.Release|x64.Build.0 = Release|x64
		{A35C8366-CD6A-49B2-A188-C17B1276A727}.Release|x86.ActiveCfg = Release|Win32
		{A35C8366-CD6A-49B2-A188-C17B1276A727}.Release|x86.Build.0 = Release|Win32
	EndGlobalSection
	GlobalSection(SolutionProperties) = preSolution
		HideSolutionNode = FALSE
	EndGlobalSection
EndGlobal
